
Microsoft Visual Studio Solution File, Format Version 12.00
# Visual Studio Version 16
VisualStudioVersion = 16.0.31025.194
MinimumVisualStudioVersion = 10.0.40219.1
Project("{9A19103F-16F7-4668-BE54-9A1E7A4F7556}") = "TODOListWebApp", "TODOListWebApp\TODOListWebApp.csproj", "{8E100966-3EAD-4141-B542-1DF907044BA5}"
EndProject
Project("{9A19103F-16F7-4668-BE54-9A1E7A4F7556}") = "TODOListWebApp.Repository", "TODOListWebApp.Repository\TODOListWebApp.Repository.csproj", "{67362CEF-2E86-41CF-8364-5B42CE757855}"
EndProject
Global
	GlobalSection(SolutionConfigurationPlatforms) = preSolution
		Debug|Any CPU = Debug|Any CPU
		Release|Any CPU = Release|Any CPU
	EndGlobalSection
	GlobalSection(ProjectConfigurationPlatforms) = postSolution
		{8E100966-3EAD-4141-B542-1DF907044BA5}.Debug|Any CPU.ActiveCfg = Debug|Any CPU
		{8E100966-3EAD-4141-B542-1DF907044BA5}.Debug|Any CPU.Build.0 = Debug|Any CPU
		{8E100966-3EAD-4141-B542-1DF907044BA5}.Release|Any CPU.ActiveCfg = Release|Any CPU
		{8E100966-3EAD-4141-B542-1DF907044BA5}.Release|Any CPU.Build.0 = Release|Any CPU
		{67362CEF-2E86-41CF-8364-5B42CE757855}.Debug|Any CPU.ActiveCfg = Debug|Any CPU
		{67362CEF-2E86-41CF-8364-5B42CE757855}.Debug|Any CPU.Build.0 = Debug|Any CPU
		{67362CEF-2E86-41CF-8364-5B42CE757855}.Release|Any CPU.ActiveCfg = Release|Any CPU
		{67362CEF-2E86-41CF-8364-5B42CE757855}.Release|Any CPU.Build.0 = Release|Any CPU
	EndGlobalSection
	GlobalSection(SolutionProperties) = preSolution
		HideSolutionNode = FALSE
	EndGlobalSection
	GlobalSection(ExtensibilityGlobals) = postSolution
		SolutionGuid = {233DF58A-4125-40B0-B8EC-45CFC1BC5191}
	EndGlobalSection
EndGlobal
